
Microsoft Visual Studio Solution File, Format Version 12.00
# Visual Studio Version 17
VisualStudioVersion = 17.14.36414.22
MinimumVisualStudioVersion = 10.0.40219.1
Project("{2150E333-8FDC-42A3-9474-1A3956D46DE8}") = "Task0", "Task0", "{02EA681E-C7D8-13C7-8484-4AC65E1B71E8}"
EndProject
Project("{FAE04EC0-301F-11D3-BF4B-00C04F79EFBC}") = "Tyuiu.DyuvenzhiMI.Sprint2.Task0.V9.Test", "Tyuiu.DyuvenzhiMI.Sprint2.Task0.V9.Test\Tyuiu.DyuvenzhiMI.Sprint2.Task0.V9.Test.csproj", "{3E8E1DFF-EAE8-4D22-A7D7-6D30E6C5FB5C}"
EndProject
Project("{FAE04EC0-301F-11D3-BF4B-00C04F79EFBC}") = "Tyuiu.DyuvenzhiMI.Sprint2.Task0.V9", "Tyuiu.DyuvenzhiMI.Sprint2.Task0.V9\Tyuiu.DyuvenzhiMI.Sprint2.Task0.V9.csproj", "{80A17CF9-D101-4BCE-B1A4-9A199F24338E}"
EndProject
Project("{FAE04EC0-301F-11D3-BF4B-00C04F79EFBC}") = "Tyuiu.DyuvenzhiMI.Sprint2.Task0.V9.Lib", "Tyuiu.DyuvenzhiMI.Sprint2.Task0.V9.Lib\Tyuiu.DyuvenzhiMI.Sprint2.Task0.V9.Lib.csproj", "{7E1E6C33-2D51-4E1A-99BB-106017B64DD7}"
EndProject
Project("{2150E333-8FDC-42A3-9474-1A3956D46DE8}") = "Task1", "Task1", "{E6D04D4B-384E-40F9-A44F-3AE7DA7B0EC1}"
EndProject
Project("{FAE04EC0-301F-11D3-BF4B-00C04F79EFBC}") = "Tyuiu.DyuvenzhiMI.Sprint2.Task1.V4.Lib", "Tyuiu.DyuvenzhiMI.Sprint2.Task1.V4.Lib\Tyuiu.DyuvenzhiMI.Sprint2.Task1.V4.Lib.csproj", "{F202D05A-B47E-420E-92DD-6C682CA90472}"
EndProject
Project("{FAE04EC0-301F-11D3-BF4B-00C04F79EFBC}") = "Tyuiu.DyuvenzhiMI.Sprint2.Task1.V4.Test", "Tyuiu.DyuvenzhiMI.Sprint2.Task1.V4.Test\Tyuiu.DyuvenzhiMI.Sprint2.Task1.V4.Test.csproj", "{D00585CB-C784-4ED0-AB99-2CF672DF3B17}"
EndProject
Project("{FAE04EC0-301F-11D3-BF4B-00C04F79EFBC}") = "Tyuiu.DyuvenzhiMI.Sprint2.Task1.V4", "Tyuiu.DyuvenzhiMI.Sprint2.Task1.V4\Tyuiu.DyuvenzhiMI.Sprint2.Task1.V4.csproj", "{E37D78D8-CA81-4587-A20F-D4338C446558}"
EndProject
Project("{2150E333-8FDC-42A3-9474-1A3956D46DE8}") = "Task2", "Task2", "{62D484C6-8232-4C73-B874-A129432DD61B}"
EndProject
Project("{FAE04EC0-301F-11D3-BF4B-00C04F79EFBC}") = "Tyuiu.DyuvenzhiMI.Sprint2.Task2.V19.Lib", "Tyuiu.DyuvenzhiMI.Sprint2.Task2.V19.Lib\Tyuiu.DyuvenzhiMI.Sprint2.Task2.V19.Lib.csproj", "{6BE9EC5D-FFB7-481C-974C-0E228F0B13EE}"
EndProject
Project("{FAE04EC0-301F-11D3-BF4B-00C04F79EFBC}") = "Tyuiu.DyuvenzhiMI.Sprint2.Task2.V19.Test", "Tyuiu.DyuvenzhiMI.Sprint2.Task2.V19.Test\Tyuiu.DyuvenzhiMI.Sprint2.Task2.V19.Test.csproj", "{644364F7-13A8-4D9B-95A1-AA99E6A19DA7}"
EndProject
Project("{FAE04EC0-301F-11D3-BF4B-00C04F79EFBC}") = "Tyuiu.DyuvenzhiMI.Sprint2.Task2.V19", "Tyuiu.DyuvenzhiMI.Sprint2.Task2.V19\Tyuiu.DyuvenzhiMI.Sprint2.Task2.V19.csproj", "{91987401-1A3C-4C3D-999A-F67843CD69DC}"
EndProject
Project("{2150E333-8FDC-42A3-9474-1A3956D46DE8}") = "Task3", "Task3", "{0279C1BB-44D8-40FE-A5EB-77AD85B519DF}"
EndProject
Project("{FAE04EC0-301F-11D3-BF4B-00C04F79EFBC}") = "Tyuiu.DyuvenzhiMI.Sprint2.Task3.V13.Lib", "Tyuiu.DyuvenzhiMI.Sprint2.Task3.V13.Lib\Tyuiu.DyuvenzhiMI.Sprint2.Task3.V13.Lib.csproj", "{401131DB-0EC4-4B07-92D2-89332431B0C2}"
EndProject
Project("{FAE04EC0-301F-11D3-BF4B-00C04F79EFBC}") = "Tyuiu.DyuvenzhiMI.Sprint2.Task3.V13.Test", "Tyuiu.DyuvenzhiMI.Sprint2.Task3.V13.Test\Tyuiu.DyuvenzhiMI.Sprint2.Task3.V13.Test.csproj", "{C54B43F7-919C-4829-874D-0EAD63BFCF98}"
EndProject
Project("{FAE04EC0-301F-11D3-BF4B-00C04F79EFBC}") = "Tyuiu.DyuvenzhiMI.Sprint2.Task3.V13", "Tyuiu.DyuvenzhiMI.Sprint2.Task3.V13\Tyuiu.DyuvenzhiMI.Sprint2.Task3.V13.csproj", "{E2F57608-6DEC-4D45-9798-CB716EF0F057}"
EndProject
Global
	GlobalSection(SolutionConfigurationPlatforms) = preSolution
		Debug|Any CPU = Debug|Any CPU
		Release|Any CPU = Release|Any CPU
	EndGlobalSection
	GlobalSection(ProjectConfigurationPlatforms) = postSolution
		{3E8E1DFF-EAE8-4D22-A7D7-6D30E6C5FB5C}.Debug|Any CPU.ActiveCfg = Debug|Any CPU
		{3E8E1DFF-EAE8-4D22-A7D7-6D30E6C5FB5C}.Debug|Any CPU.Build.0 = Debug|Any CPU
		{3E8E1DFF-EAE8-4D22-A7D7-6D30E6C5FB5C}.Release|Any CPU.ActiveCfg = Release|Any CPU
		{3E8E1DFF-EAE8-4D22-A7D7-6D30E6C5FB5C}.Release|Any CPU.Build.0 = Release|Any CPU
		{80A17CF9-D101-4BCE-B1A4-9A199F24338E}.Debug|Any CPU.ActiveCfg = Debug|Any CPU
		{80A17CF9-D101-4BCE-B1A4-9A199F24338E}.Debug|Any CPU.Build.0 = Debug|Any CPU
		{80A17CF9-D101-4BCE-B1A4-9A199F24338E}.Release|Any CPU.ActiveCfg = Release|Any CPU
		{80A17CF9-D101-4BCE-B1A4-9A199F24338E}.Release|Any CPU.Build.0 = Release|Any CPU
		{7E1E6C33-2D51-4E1A-99BB-106017B64DD7}.Debug|Any CPU.ActiveCfg = Debug|Any CPU
		{7E1E6C33-2D51-4E1A-99BB-106017B64DD7}.Debug|Any CPU.Build.0 = Debug|Any CPU
		{7E1E6C33-2D51-4E1A-99BB-106017B64DD7}.Release|Any CPU.ActiveCfg = Release|Any CPU
		{7E1E6C33-2D51-4E1A-99BB-106017B64DD7}.Release|Any CPU.Build.0 = Release|Any CPU
		{F202D05A-B47E-420E-92DD-6C682CA90472}.Debug|Any CPU.ActiveCfg = Debug|Any CPU
		{F202D05A-B47E-420E-92DD-6C682CA90472}.Debug|Any CPU.Build.0 = Debug|Any CPU
		{F202D05A-B47E-420E-92DD-6C682CA90472}.Release|Any CPU.ActiveCfg = Release|Any CPU
		{F202D05A-B47E-420E-92DD-6C682CA90472}.Release|Any CPU.Build.0 = Release|Any CPU
		{D00585CB-C784-4ED0-AB99-2CF672DF3B17}.Debug|Any CPU.ActiveCfg = Debug|Any CPU
		{D00585CB-C784-4ED0-AB99-2CF672DF3B17}.Debug|Any CPU.Build.0 = Debug|Any CPU
		{D00585CB-C784-4ED0-AB99-2CF672DF3B17}.Release|Any CPU.ActiveCfg = Release|Any CPU
		{D00585CB-C784-4ED0-AB99-2CF672DF3B17}.Release|Any CPU.Build.0 = Release|Any CPU
		{E37D78D8-CA81-4587-A20F-D4338C446558}.Debug|Any CPU.ActiveCfg = Debug|Any CPU
		{E37D78D8-CA81-4587-A20F-D4338C446558}.Debug|Any CPU.Build.0 = Debug|Any CPU
		{E37D78D8-CA81-4587-A20F-D4338C446558}.Release|Any CPU.ActiveCfg = Release|Any CPU
		{E37D78D8-CA81-4587-A20F-D4338C446558}.Release|Any CPU.Build.0 = Release|Any CPU
		{6BE9EC5D-FFB7-481C-974C-0E228F0B13EE}.Debug|Any CPU.ActiveCfg = Debug|Any CPU
		{6BE9EC5D-FFB7-481C-974C-0E228F0B13EE}.Debug|Any CPU.Build.0 = Debug|Any CPU
		{6BE9EC5D-FFB7-481C-974C-0E228F0B13EE}.Release|Any CPU.ActiveCfg = Release|Any CPU
		{6BE9EC5D-FFB7-481C-974C-0E228F0B13EE}.Release|Any CPU.Build.0 = Release|Any CPU
		{644364F7-13A8-4D9B-95A1-AA99E6A19DA7}.Debug|Any CPU.ActiveCfg = Debug|Any CPU
		{644364F7-13A8-4D9B-95A1-AA99E6A19DA7}.Debug|Any CPU.Build.0 = Debug|Any CPU
		{644364F7-13A8-4D9B-95A1-AA99E6A19DA7}.Release|Any CPU.ActiveCfg = Release|Any CPU
		{644364F7-13A8-4D9B-95A1-AA99E6A19DA7}.Release|Any CPU.Build.0 = Release|Any CPU
		{91987401-1A3C-4C3D-999A-F67843CD69DC}.Debug|Any CPU.ActiveCfg = Debug|Any CPU
		{91987401-1A3C-4C3D-999A-F67843CD69DC}.Debug|Any CPU.Build.0 = Debug|Any CPU
		{91987401-1A3C-4C3D-999A-F67843CD69DC}.Release|Any CPU.ActiveCfg = Release|Any CPU
		{91987401-1A3C-4C3D-999A-F67843CD69DC}.Release|Any CPU.Build.0 = Release|Any CPU
		{401131DB-0EC4-4B07-92D2-89332431B0C2}.Debug|Any CPU.ActiveCfg = Debug|Any CPU
		{401131DB-0EC4-4B07-92D2-89332431B0C2}.Debug|Any CPU.Build.0 = Debug|Any CPU
		{401131DB-0EC4-4B07-92D2-89332431B0C2}.Release|Any CPU.ActiveCfg = Release|Any CPU
		{401131DB-0EC4-4B07-92D2-89332431B0C2}.Release|Any CPU.Build.0 = Release|Any CPU
		{C54B43F7-919C-4829-874D-0EAD63BFCF98}.Debug|Any CPU.ActiveCfg = Debug|Any CPU
		{C54B43F7-919C-4829-874D-0EAD63BFCF98}.Debug|Any CPU.Build.0 = Debug|Any CPU
		{C54B43F7-919C-4829-874D-0EAD63BFCF98}.Release|Any CPU.ActiveCfg = Release|Any CPU
		{C54B43F7-919C-4829-874D-0EAD63BFCF98}.Release|Any CPU.Build.0 = Release|Any CPU
		{E2F57608-6DEC-4D45-9798-CB716EF0F057}.Debug|Any CPU.ActiveCfg = Debug|Any CPU
		{E2F57608-6DEC-4D45-9798-CB716EF0F057}.Debug|Any CPU.Build.0 = Debug|Any CPU
		{E2F57608-6DEC-4D45-9798-CB716EF0F057}.Release|Any CPU.ActiveCfg = Release|Any CPU
		{E2F57608-6DEC-4D45-9798-CB716EF0F057}.Release|Any CPU.Build.0 = Release|Any CPU
	EndGlobalSection
	GlobalSection(SolutionProperties) = preSolution
		HideSolutionNode = FALSE
	EndGlobalSection
	GlobalSection(NestedProjects) = preSolution
		{3E8E1DFF-EAE8-4D22-A7D7-6D30E6C5FB5C} = {02EA681E-C7D8-13C7-8484-4AC65E1B71E8}
		{80A17CF9-D101-4BCE-B1A4-9A199F24338E} = {02EA681E-C7D8-13C7-8484-4AC65E1B71E8}
		{7E1E6C33-2D51-4E1A-99BB-106017B64DD7} = {02EA681E-C7D8-13C7-8484-4AC65E1B71E8}
		{F202D05A-B47E-420E-92DD-6C682CA90472} = {E6D04D4B-384E-40F9-A44F-3AE7DA7B0EC1}
		{D00585CB-C784-4ED0-AB99-2CF672DF3B17} = {E6D04D4B-384E-40F9-A44F-3AE7DA7B0EC1}
		{E37D78D8-CA81-4587-A20F-D4338C446558} = {E6D04D4B-384E-40F9-A44F-3AE7DA7B0EC1}
		{6BE9EC5D-FFB7-481C-974C-0E228F0B13EE} = {62D484C6-8232-4C73-B874-A129432DD61B}
		{644364F7-13A8-4D9B-95A1-AA99E6A19DA7} = {62D484C6-8232-4C73-B874-A129432DD61B}
		{91987401-1A3C-4C3D-999A-F67843CD69DC} = {62D484C6-8232-4C73-B874-A129432DD61B}
		{401131DB-0EC4-4B07-92D2-89332431B0C2} = {0279C1BB-44D8-40FE-A5EB-77AD85B519DF}
		{C54B43F7-919C-4829-874D-0EAD63BFCF98} = {0279C1BB-44D8-40FE-A5EB-77AD85B519DF}
		{E2F57608-6DEC-4D45-9798-CB716EF0F057} = {0279C1BB-44D8-40FE-A5EB-77AD85B519DF}
	EndGlobalSection
	GlobalSection(ExtensibilityGlobals) = postSolution
		SolutionGuid = {54E8953A-3FE4-4A87-941A-1720B70CA9DA}
	EndGlobalSection
EndGlobal
